
Microsoft Visual Studio Solution File, Format Version 12.00
# Visual Studio Version 16
VisualStudioVersion = 16.0.31205.134
MinimumVisualStudioVersion = 10.0.40219.1
Project("{FAE04EC0-301F-11D3-BF4B-00C04F79EFBC}") = "Metaphor Antivirus", "Metaphor Antivirus.csproj", "{94F7643F-3C2B-467D-BB2E-CB0B5CD88301}"
EndProject
Global
	GlobalSection(SolutionConfigurationPlatforms) = preSolution
		Debug|Any CPU = Debug|Any CPU
		Release|Any CPU = Release|Any CPU
	EndGlobalSection
	GlobalSection(ProjectConfigurationPlatforms) = postSolution
		{94F7643F-3C2B-467D-BB2E-CB0B5CD88301}.Debug|Any CPU.ActiveCfg = Debug|Any CPU
		{94F7643F-3C2B-467D-BB2E-CB0B5CD88301}.Debug|Any CPU.Build.0 = Debug|Any CPU
		{94F7643F-3C2B-467D-BB2E-CB0B5CD88301}.Release|Any CPU.ActiveCfg = Release|Any CPU
		{94F7643F-3C2B-467D-BB2E-CB0B5CD88301}.Release|Any CPU.Build.0 = Release|Any CPU
	EndGlobalSection
	GlobalSection(SolutionProperties) = preSolution
		HideSolutionNode = FALSE
	EndGlobalSection
	GlobalSection(ExtensibilityGlobals) = postSolution
		SolutionGuid = {843D338E-F3CB-41FE-A885-A4BE5184CCD6}
	EndGlobalSection
EndGlobal
